
Microsoft Visual Studio Solution File, Format Version 12.00
# Visual Studio Version 17
VisualStudioVersion = 17.6.33712.159
MinimumVisualStudioVersion = 10.0.40219.1
Project("{8BC9CEB8-8B4A-11D0-8D11-00A0C91BC942}") = "jun-2022", "jun-2022\jun-2022.vcxproj", "{E842359C-B9FA-4467-A8CC-D3C5042D703D}"
EndProject
Project("{8BC9CEB8-8B4A-11D0-8D11-00A0C91BC942}") = "jun-2021", "jun-2021\jun-2021.vcxproj", "{9B938AEF-5536-43DA-8F65-A1F19F3F073A}"
EndProject
Project("{8BC9CEB8-8B4A-11D0-8D11-00A0C91BC942}") = "jan-2021", "jan-2021\jan-2021.vcxproj", "{0CE02C56-226F-4665-9E1B-FF72238A6679}"
EndProject
Project("{8BC9CEB8-8B4A-11D0-8D11-00A0C91BC942}") = "okt-2021", "okt-2021\okt-2021.vcxproj", "{53EA575A-6E4A-45E7-8098-02F40CD6D31D}"
EndProject
Project("{8BC9CEB8-8B4A-11D0-8D11-00A0C91BC942}") = "jun2-2023", "jun2-2023\jun2-2023.vcxproj", "{BB3F0150-D13B-4856-8E9C-A9F95C123BAF}"
EndProject
Project("{8BC9CEB8-8B4A-11D0-8D11-00A0C91BC942}") = "jan-2023", "jan-2023\jan-2023.vcxproj", "{CC99DF48-E4D8-4C38-B9BE-BA1DD3E13A21}"
EndProject
Project("{8BC9CEB8-8B4A-11D0-8D11-00A0C91BC942}") = "jun2-2021", "jun2-2021\jun2-2021.vcxproj", "{1E7783C4-4429-4D95-851E-6D6ECCDF85BB}"
EndProject
Project("{8BC9CEB8-8B4A-11D0-8D11-00A0C91BC942}") = "okt2-2021", "okt2-2021\okt2-2021.vcxproj", "{C93163E9-9A86-4404-9592-358BE9CD62FC}"
EndProject
Project("{8BC9CEB8-8B4A-11D0-8D11-00A0C91BC942}") = "sep-2021", "sep-2021\sep-2021.vcxproj", "{4DBCAF49-2F1C-403A-A27E-E5872DB21791}"
EndProject
Global
	GlobalSection(SolutionConfigurationPlatforms) = preSolution
		Debug|x64 = Debug|x64
		Debug|x86 = Debug|x86
		Release|x64 = Release|x64
		Release|x86 = Release|x86
	EndGlobalSection
	GlobalSection(ProjectConfigurationPlatforms) = postSolution
		{E842359C-B9FA-4467-A8CC-D3C5042D703D}.Debug|x64.ActiveCfg = Debug|x64
		{E842359C-B9FA-4467-A8CC-D3C5042D703D}.Debug|x64.Build.0 = Debug|x64
		{E842359C-B9FA-4467-A8CC-D3C5042D703D}.Debug|x86.ActiveCfg = Debug|Win32
		{E842359C-B9FA-4467-A8CC-D3C5042D703D}.Debug|x86.Build.0 = Debug|Win32
		{E842359C-B9FA-4467-A8CC-D3C5042D703D}.Release|x64.ActiveCfg = Release|x64
		{E842359C-B9FA-4467-A8CC-D3C5042D703D}.Release|x64.Build.0 = Release|x64
		{E842359C-B9FA-4467-A8CC-D3C5042D703D}.Release|x86.ActiveCfg = Release|Win32
		{E842359C-B9FA-4467-A8CC-D3C5042D703D}.Release|x86.Build.0 = Release|Win32
		{9B938AEF-5536-43DA-8F65-A1F19F3F073A}.Debug|x64.ActiveCfg = Debug|x64
		{9B938AEF-5536-43DA-8F65-A1F19F3F073A}.Debug|x64.Build.0 = Debug|x64
		{9B938AEF-5536-43DA-8F65-A1F19F3F073A}.Debug|x86.ActiveCfg = Debug|Win32
		{9B938AEF-5536-43DA-8F65-A1F19F3F073A}.Debug|x86.Build.0 = Debug|Win32
		{9B938AEF-5536-43DA-8F65-A1F19F3F073A}.Release|x64.ActiveCfg = Release|x64
		{9B938AEF-5536-43DA-8F65-A1F19F3F073A}.Release|x64.Build.0 = Release|x64
		{9B938AEF-5536-43DA-8F65-A1F19F3F073A}.Release|x86.ActiveCfg = Release|Win32
		{9B938AEF-5536-43DA-8F65-A1F19F3F073A}.Release|x86.Build.0 = Release|Win32
		{0CE02C56-226F-4665-9E1B-FF72238A6679}.Debug|x64.ActiveCfg = Debug|x64
		{0CE02C56-226F-4665-9E1B-FF72238A6679}.Debug|x64.Build.0 = Debug|x64
		{0CE02C56-226F-4665-9E1B-FF72238A6679}.Debug|x86.ActiveCfg = Debug|Win32
		{0CE02C56-226F-4665-9E1B-FF72238A6679}.Debug|x86.Build.0 = Debug|Win32
		{0CE02C56-226F-4665-9E1B-FF72238A6679}.Release|x64.ActiveCfg = Release|x64
		{0CE02C56-226F-4665-9E1B-FF72238A6679}.Release|x64.Build.0 = Release|x64
		{0CE02C56-226F-4665-9E1B-FF72238A6679}.Release|x86.ActiveCfg = Release|Win32
		{0CE02C56-226F-4665-9E1B-FF72238A6679}.Release|x86.Build.0 = Release|Win32
		{53EA575A-6E4A-45E7-8098-02F40CD6D31D}.Debug|x64.ActiveCfg = Debug|x64
		{53EA575A-6E4A-45E7-8098-02F40CD6D31D}.Debug|x64.Build.0 = Debug|x64
		{53EA575A-6E4A-45E7-8098-02F40CD6D31D}.Debug|x86.ActiveCfg = Debug|Win32
		{53EA575A-6E4A-45E7-8098-02F40CD6D31D}.Debug|x86.Build.0 = Debug|Win32
		{53EA575A-6E4A-45E7-8098-02F40CD6D31D}.Release|x64.ActiveCfg = Release|x64
		{53EA575A-6E4A-45E7-8098-02F40CD6D31D}.Release|x64.Build.0 = Release|x64
		{53EA575A-6E4A-45E7-8098-02F40CD6D31D}.Release|x86.ActiveCfg = Release|Win32
		{53EA575A-6E4A-45E7-8098-02F40CD6D31D}.Release|x86.Build.0 = Release|Win32
		{BB3F0150-D13B-4856-8E9C-A9F95C123BAF}.Debug|x64.ActiveCfg = Debug|x64
		{BB3F0150-D13B-4856-8E9C-A9F95C123BAF}.Debug|x64.Build.0 = Debug|x64
		{BB3F0150-D13B-4856-8E9C-A9F95C123BAF}.Debug|x86.ActiveCfg = Debug|Win32
		{BB3F0150-D13B-4856-8E9C-A9F95C123BAF}.Debug|x86.Build.0 = Debug|Win32
		{BB3F0150-D13B-4856-8E9C-A9F95C123BAF}.Release|x64.ActiveCfg = Release|x64
		{BB3F0150-D13B-4856-8E9C-A9F95C123BAF}.Release|x64.Build.0 = Release|x64
		{BB3F0150-D13B-4856-8E9C-A9F95C123BAF}.Release|x86.ActiveCfg = Release|Win32
		{BB3F0150-D13B-4856-8E9C-A9F95C123BAF}.Release|x86.Build.0 = Release|Win32
		{CC99DF48-E4D8-4C38-B9BE-BA1DD3E13A21}.Debug|x64.ActiveCfg = Debug|x64
		{CC99DF48-E4D8-4C38-B9BE-BA1DD3E13A21}.Debug|x64.Build.0 = Debug|x64
		{CC99DF48-E4D8-4C38-B9BE-BA1DD3E13A21}.Debug|x86.ActiveCfg = Debug|Win32
		{CC99DF48-E4D8-4C38-B9BE-BA1DD3E13A21}.Debug|x86.Build.0 = Debug|Win32
		{CC99DF48-E4D8-4C38-B9BE-BA1DD3E13A21}.Release|x64.ActiveCfg = Release|x64
		{CC99DF48-E4D8-4C38-B9BE-BA1DD3E13A21}.Release|x64.Build.0 = Release|x64
		{CC99DF48-E4D8-4C38-B9BE-BA1DD3E13A21}.Release|x86.ActiveCfg = Release|Win32
		{CC99DF48-E4D8-4C38-B9BE-BA1DD3E13A21}.Release|x86.Build.0 = Release|Win32
		{1E7783C4-4429-4D95-851E-6D6ECCDF85BB}.Debug|x64.ActiveCfg = Debug|x64
		{1E7783C4-4429-4D95-851E-6D6ECCDF85BB}.Debug|x64.Build.0 = Debug|x64
		{1E7783C4-4429-4D95-851E-6D6ECCDF85BB}.Debug|x86.ActiveCfg = Debug|Win32
		{1E7783C4-4429-4D95-851E-6D6ECCDF85BB}.Debug|x86.Build.0 = Debug|Win32
		{1E7783C4-4429-4D95-851E-6D6ECCDF85BB}.Release|x64.ActiveCfg = Release|x64
		{1E7783C4-4429-4D95-851E-6D6ECCDF85BB}.Release|x64.Build.0 = Release|x64
		{1E7783C4-4429-4D95-851E-6D6ECCDF85BB}.Release|x86.ActiveCfg = Release|Win32
		{1E7783C4-4429-4D95-851E-6D6ECCDF85BB}.Release|x86.Build.0 = Release|Win32
		{C93163E9-9A86-4404-9592-358BE9CD62FC}.Debug|x64.ActiveCfg = Debug|x64
		{C93163E9-9A86-4404-9592-358BE9CD62FC}.Debug|x64.Build.0 = Debug|x64
		{C93163E9-9A86-4404-9592-358BE9CD62FC}.Debug|x86.ActiveCfg = Debug|Win32
		{C93163E9-9A86-4404-9592-358BE9CD62FC}.Debug|x86.Build.0 = Debug|Win32
		{C93163E9-9A86-4404-9592-358BE9CD62FC}.Release|x64.ActiveCfg = Release|x64
		{C93163E9-9A86-4404-9592-358BE9CD62FC}.Release|x64.Build.0 = Release|x64
		{C93163E9-9A86-4404-9592-358BE9CD62FC}.Release|x86.ActiveCfg = Release|Win32
		{C93163E9-9A86-4404-9592-358BE9CD62FC}.Release|x86.Build.0 = Release|Win32
		{4DBCAF49-2F1C-403A-A27E-E5872DB21791}.Debug|x64.ActiveCfg = Debug|x64
		{4DBCAF49-2F1C-403A-A27E-E5872DB21791}.Debug|x64.Build.0 = Debug|x64
		{4DBCAF49-2F1C-403A-A27E-E5872DB21791}.Debug|x86.ActiveCfg = Debug|Win32
		{4DBCAF49-2F1C-403A-A27E-E5872DB21791}.Debug|x86.Build.0 = Debug|Win32
		{4DBCAF49-2F1C-403A-A27E-E5872DB21791}.Release|x64.ActiveCfg = Release|x64
		{4DBCAF49-2F1C-403A-A27E-E5872DB21791}.Release|x64.Build.0 = Release|x64
		{4DBCAF49-2F1C-403A-A27E-E5872DB21791}.Release|x86.ActiveCfg = Release|Win32
		{4DBCAF49-2F1C-403A-A27E-E5872DB21791}.Release|x86.Build.0 = Release|Win32
	EndGlobalSection
	GlobalSection(SolutionProperties) = preSolution
		HideSolutionNode = FALSE
	EndGlobalSection
	GlobalSection(ExtensibilityGlobals) = postSolution
		SolutionGuid = {F3CB640D-496D-4903-A61D-BE40555BD603}
	EndGlobalSection
EndGlobal
