
Microsoft Visual Studio Solution File, Format Version 12.00
# Visual Studio Version 17
VisualStudioVersion = 17.4.33205.214
MinimumVisualStudioVersion = 10.0.40219.1
Project("{8BC9CEB8-8B4A-11D0-8D11-00A0C91BC942}") = "zad1", "zad1\zad1.vcxproj", "{2E2965C1-B44D-4690-BF49-C43A2C404599}"
EndProject
Project("{8BC9CEB8-8B4A-11D0-8D11-00A0C91BC942}") = "zad2", "zad2\zad2.vcxproj", "{43E54CDF-83AD-4C82-AFD3-50A95A4702E8}"
EndProject
Global
	GlobalSection(SolutionConfigurationPlatforms) = preSolution
		Debug|x64 = Debug|x64
		Debug|x86 = Debug|x86
		Release|x64 = Release|x64
		Release|x86 = Release|x86
	EndGlobalSection
	GlobalSection(ProjectConfigurationPlatforms) = postSolution
		{2E2965C1-B44D-4690-BF49-C43A2C404599}.Debug|x64.ActiveCfg = Debug|x64
		{2E2965C1-B44D-4690-BF49-C43A2C404599}.Debug|x64.Build.0 = Debug|x64
		{2E2965C1-B44D-4690-BF49-C43A2C404599}.Debug|x86.ActiveCfg = Debug|Win32
		{2E2965C1-B44D-4690-BF49-C43A2C404599}.Debug|x86.Build.0 = Debug|Win32
		{2E2965C1-B44D-4690-BF49-C43A2C404599}.Release|x64.ActiveCfg = Release|x64
		{2E2965C1-B44D-4690-BF49-C43A2C404599}.Release|x64.Build.0 = Release|x64
		{2E2965C1-B44D-4690-BF49-C43A2C404599}.Release|x86.ActiveCfg = Release|Win32
		{2E2965C1-B44D-4690-BF49-C43A2C404599}.Release|x86.Build.0 = Release|Win32
		{43E54CDF-83AD-4C82-AFD3-50A95A4702E8}.Debug|x64.ActiveCfg = Debug|x64
		{43E54CDF-83AD-4C82-AFD3-50A95A4702E8}.Debug|x64.Build.0 = Debug|x64
		{43E54CDF-83AD-4C82-AFD3-50A95A4702E8}.Debug|x86.ActiveCfg = Debug|Win32
		{43E54CDF-83AD-4C82-AFD3-50A95A4702E8}.Debug|x86.Build.0 = Debug|Win32
		{43E54CDF-83AD-4C82-AFD3-50A95A4702E8}.Release|x64.ActiveCfg = Release|x64
		{43E54CDF-83AD-4C82-AFD3-50A95A4702E8}.Release|x64.Build.0 = Release|x64
		{43E54CDF-83AD-4C82-AFD3-50A95A4702E8}.Release|x86.ActiveCfg = Release|Win32
		{43E54CDF-83AD-4C82-AFD3-50A95A4702E8}.Release|x86.Build.0 = Release|Win32
	EndGlobalSection
	GlobalSection(SolutionProperties) = preSolution
		HideSolutionNode = FALSE
	EndGlobalSection
	GlobalSection(ExtensibilityGlobals) = postSolution
		SolutionGuid = {91875D0C-BE80-4571-A5EA-F841610EBE33}
	EndGlobalSection
EndGlobal
