
Microsoft Visual Studio Solution File, Format Version 12.00
# Visual Studio Version 17
VisualStudioVersion = 17.4.33205.214
MinimumVisualStudioVersion = 10.0.40219.1
Project("{8BC9CEB8-8B4A-11D0-8D11-00A0C91BC942}") = "kol-2022-a", "kol-2022-a\kol-2022-a.vcxproj", "{45FEABAA-87BB-4AA8-8DC2-177B30045762}"
EndProject
Project("{8BC9CEB8-8B4A-11D0-8D11-00A0C91BC942}") = "saVezbi", "saVezbi\saVezbi.vcxproj", "{551A82EB-EE4A-41B7-BFC4-FA6E2F06F3B7}"
EndProject
Project("{8BC9CEB8-8B4A-11D0-8D11-00A0C91BC942}") = "kol-2022-b", "kol-2022-b\kol-2022-b.vcxproj", "{B49C6D50-C823-45F6-A756-1E7F0ADBDEC1}"
EndProject
Project("{8BC9CEB8-8B4A-11D0-8D11-00A0C91BC942}") = "jan-2023-b", "jan-2023-b\jan-2023-b.vcxproj", "{443B6C0F-4C26-4795-A50E-389611FEDCDC}"
EndProject
Project("{8BC9CEB8-8B4A-11D0-8D11-00A0C91BC942}") = "apr-2023-a", "apr-2023-a\apr-2023-a.vcxproj", "{869DF679-4222-4244-9CE7-67A893406F1D}"
EndProject
Project("{8BC9CEB8-8B4A-11D0-8D11-00A0C91BC942}") = "jun-2022", "jun-2022\jun-2022.vcxproj", "{3D753E43-B1B3-43A8-B4AC-EE6CFF8FA2AD}"
EndProject
Project("{8BC9CEB8-8B4A-11D0-8D11-00A0C91BC942}") = "kol-2023-treca-god", "kol-2023-treca-god\kol-2023-treca-god.vcxproj", "{75B651A9-48E6-43D8-8A3B-5D0B5D8B4A58}"
EndProject
Project("{8BC9CEB8-8B4A-11D0-8D11-00A0C91BC942}") = "jun-2023", "jun-2023\jun-2023.vcxproj", "{1DC309B6-69C2-453C-BEEC-B83DC85A7858}"
EndProject
Global
	GlobalSection(SolutionConfigurationPlatforms) = preSolution
		Debug|x64 = Debug|x64
		Debug|x86 = Debug|x86
		Release|x64 = Release|x64
		Release|x86 = Release|x86
	EndGlobalSection
	GlobalSection(ProjectConfigurationPlatforms) = postSolution
		{45FEABAA-87BB-4AA8-8DC2-177B30045762}.Debug|x64.ActiveCfg = Debug|x64
		{45FEABAA-87BB-4AA8-8DC2-177B30045762}.Debug|x64.Build.0 = Debug|x64
		{45FEABAA-87BB-4AA8-8DC2-177B30045762}.Debug|x86.ActiveCfg = Debug|Win32
		{45FEABAA-87BB-4AA8-8DC2-177B30045762}.Debug|x86.Build.0 = Debug|Win32
		{45FEABAA-87BB-4AA8-8DC2-177B30045762}.Release|x64.ActiveCfg = Release|x64
		{45FEABAA-87BB-4AA8-8DC2-177B30045762}.Release|x64.Build.0 = Release|x64
		{45FEABAA-87BB-4AA8-8DC2-177B30045762}.Release|x86.ActiveCfg = Release|Win32
		{45FEABAA-87BB-4AA8-8DC2-177B30045762}.Release|x86.Build.0 = Release|Win32
		{551A82EB-EE4A-41B7-BFC4-FA6E2F06F3B7}.Debug|x64.ActiveCfg = Debug|x64
		{551A82EB-EE4A-41B7-BFC4-FA6E2F06F3B7}.Debug|x64.Build.0 = Debug|x64
		{551A82EB-EE4A-41B7-BFC4-FA6E2F06F3B7}.Debug|x86.ActiveCfg = Debug|Win32
		{551A82EB-EE4A-41B7-BFC4-FA6E2F06F3B7}.Debug|x86.Build.0 = Debug|Win32
		{551A82EB-EE4A-41B7-BFC4-FA6E2F06F3B7}.Release|x64.ActiveCfg = Release|x64
		{551A82EB-EE4A-41B7-BFC4-FA6E2F06F3B7}.Release|x64.Build.0 = Release|x64
		{551A82EB-EE4A-41B7-BFC4-FA6E2F06F3B7}.Release|x86.ActiveCfg = Release|Win32
		{551A82EB-EE4A-41B7-BFC4-FA6E2F06F3B7}.Release|x86.Build.0 = Release|Win32
		{B49C6D50-C823-45F6-A756-1E7F0ADBDEC1}.Debug|x64.ActiveCfg = Debug|x64
		{B49C6D50-C823-45F6-A756-1E7F0ADBDEC1}.Debug|x64.Build.0 = Debug|x64
		{B49C6D50-C823-45F6-A756-1E7F0ADBDEC1}.Debug|x86.ActiveCfg = Debug|Win32
		{B49C6D50-C823-45F6-A756-1E7F0ADBDEC1}.Debug|x86.Build.0 = Debug|Win32
		{B49C6D50-C823-45F6-A756-1E7F0ADBDEC1}.Release|x64.ActiveCfg = Release|x64
		{B49C6D50-C823-45F6-A756-1E7F0ADBDEC1}.Release|x64.Build.0 = Release|x64
		{B49C6D50-C823-45F6-A756-1E7F0ADBDEC1}.Release|x86.ActiveCfg = Release|Win32
		{B49C6D50-C823-45F6-A756-1E7F0ADBDEC1}.Release|x86.Build.0 = Release|Win32
		{443B6C0F-4C26-4795-A50E-389611FEDCDC}.Debug|x64.ActiveCfg = Debug|x64
		{443B6C0F-4C26-4795-A50E-389611FEDCDC}.Debug|x64.Build.0 = Debug|x64
		{443B6C0F-4C26-4795-A50E-389611FEDCDC}.Debug|x86.ActiveCfg = Debug|Win32
		{443B6C0F-4C26-4795-A50E-389611FEDCDC}.Debug|x86.Build.0 = Debug|Win32
		{443B6C0F-4C26-4795-A50E-389611FEDCDC}.Release|x64.ActiveCfg = Release|x64
		{443B6C0F-4C26-4795-A50E-389611FEDCDC}.Release|x64.Build.0 = Release|x64
		{443B6C0F-4C26-4795-A50E-389611FEDCDC}.Release|x86.ActiveCfg = Release|Win32
		{443B6C0F-4C26-4795-A50E-389611FEDCDC}.Release|x86.Build.0 = Release|Win32
		{869DF679-4222-4244-9CE7-67A893406F1D}.Debug|x64.ActiveCfg = Debug|x64
		{869DF679-4222-4244-9CE7-67A893406F1D}.Debug|x64.Build.0 = Debug|x64
		{869DF679-4222-4244-9CE7-67A893406F1D}.Debug|x86.ActiveCfg = Debug|Win32
		{869DF679-4222-4244-9CE7-67A893406F1D}.Debug|x86.Build.0 = Debug|Win32
		{869DF679-4222-4244-9CE7-67A893406F1D}.Release|x64.ActiveCfg = Release|x64
		{869DF679-4222-4244-9CE7-67A893406F1D}.Release|x64.Build.0 = Release|x64
		{869DF679-4222-4244-9CE7-67A893406F1D}.Release|x86.ActiveCfg = Release|Win32
		{869DF679-4222-4244-9CE7-67A893406F1D}.Release|x86.Build.0 = Release|Win32
		{3D753E43-B1B3-43A8-B4AC-EE6CFF8FA2AD}.Debug|x64.ActiveCfg = Debug|x64
		{3D753E43-B1B3-43A8-B4AC-EE6CFF8FA2AD}.Debug|x64.Build.0 = Debug|x64
		{3D753E43-B1B3-43A8-B4AC-EE6CFF8FA2AD}.Debug|x86.ActiveCfg = Debug|Win32
		{3D753E43-B1B3-43A8-B4AC-EE6CFF8FA2AD}.Debug|x86.Build.0 = Debug|Win32
		{3D753E43-B1B3-43A8-B4AC-EE6CFF8FA2AD}.Release|x64.ActiveCfg = Release|x64
		{3D753E43-B1B3-43A8-B4AC-EE6CFF8FA2AD}.Release|x64.Build.0 = Release|x64
		{3D753E43-B1B3-43A8-B4AC-EE6CFF8FA2AD}.Release|x86.ActiveCfg = Release|Win32
		{3D753E43-B1B3-43A8-B4AC-EE6CFF8FA2AD}.Release|x86.Build.0 = Release|Win32
		{75B651A9-48E6-43D8-8A3B-5D0B5D8B4A58}.Debug|x64.ActiveCfg = Debug|x64
		{75B651A9-48E6-43D8-8A3B-5D0B5D8B4A58}.Debug|x64.Build.0 = Debug|x64
		{75B651A9-48E6-43D8-8A3B-5D0B5D8B4A58}.Debug|x86.ActiveCfg = Debug|Win32
		{75B651A9-48E6-43D8-8A3B-5D0B5D8B4A58}.Debug|x86.Build.0 = Debug|Win32
		{75B651A9-48E6-43D8-8A3B-5D0B5D8B4A58}.Release|x64.ActiveCfg = Release|x64
		{75B651A9-48E6-43D8-8A3B-5D0B5D8B4A58}.Release|x64.Build.0 = Release|x64
		{75B651A9-48E6-43D8-8A3B-5D0B5D8B4A58}.Release|x86.ActiveCfg = Release|Win32
		{75B651A9-48E6-43D8-8A3B-5D0B5D8B4A58}.Release|x86.Build.0 = Release|Win32
		{1DC309B6-69C2-453C-BEEC-B83DC85A7858}.Debug|x64.ActiveCfg = Debug|x64
		{1DC309B6-69C2-453C-BEEC-B83DC85A7858}.Debug|x64.Build.0 = Debug|x64
		{1DC309B6-69C2-453C-BEEC-B83DC85A7858}.Debug|x86.ActiveCfg = Debug|Win32
		{1DC309B6-69C2-453C-BEEC-B83DC85A7858}.Debug|x86.Build.0 = Debug|Win32
		{1DC309B6-69C2-453C-BEEC-B83DC85A7858}.Release|x64.ActiveCfg = Release|x64
		{1DC309B6-69C2-453C-BEEC-B83DC85A7858}.Release|x64.Build.0 = Release|x64
		{1DC309B6-69C2-453C-BEEC-B83DC85A7858}.Release|x86.ActiveCfg = Release|Win32
		{1DC309B6-69C2-453C-BEEC-B83DC85A7858}.Release|x86.Build.0 = Release|Win32
	EndGlobalSection
	GlobalSection(SolutionProperties) = preSolution
		HideSolutionNode = FALSE
	EndGlobalSection
	GlobalSection(ExtensibilityGlobals) = postSolution
		SolutionGuid = {918A486A-E9F7-414F-8433-025E64988038}
	EndGlobalSection
EndGlobal
