
Microsoft Visual Studio Solution File, Format Version 12.00
# Visual Studio Version 17
VisualStudioVersion = 17.4.33205.214
MinimumVisualStudioVersion = 10.0.40219.1
Project("{8BC9CEB8-8B4A-11D0-8D11-00A0C91BC942}") = "kol-2022-a", "kol-2022-a\kol-2022-a.vcxproj", "{45FEABAA-87BB-4AA8-8DC2-177B30045762}"
EndProject
Project("{8BC9CEB8-8B4A-11D0-8D11-00A0C91BC942}") = "saVezbi", "saVezbi\saVezbi.vcxproj", "{551A82EB-EE4A-41B7-BFC4-FA6E2F06F3B7}"
EndProject
Project("{8BC9CEB8-8B4A-11D0-8D11-00A0C91BC942}") = "kol-2022-b", "kol-2022-b\kol-2022-b.vcxproj", "{B49C6D50-C823-45F6-A756-1E7F0ADBDEC1}"
EndProject
Project("{8BC9CEB8-8B4A-11D0-8D11-00A0C91BC942}") = "jan-2023-a", "jan-2023-a\jan-2023-a.vcxproj", "{8285C7DA-BAE6-4EE8-92CB-911EF22793E3}"
EndProject
Project("{8BC9CEB8-8B4A-11D0-8D11-00A0C91BC942}") = "jan-2023-b", "jan-2023-b\jan-2023-b.vcxproj", "{443B6C0F-4C26-4795-A50E-389611FEDCDC}"
EndProject
Project("{8BC9CEB8-8B4A-11D0-8D11-00A0C91BC942}") = "apr-2023-a", "apr-2023-a\apr-2023-a.vcxproj", "{869DF679-4222-4244-9CE7-67A893406F1D}"
EndProject
Global
	GlobalSection(SolutionConfigurationPlatforms) = preSolution
		Debug|x64 = Debug|x64
		Debug|x86 = Debug|x86
		Release|x64 = Release|x64
		Release|x86 = Release|x86
	EndGlobalSection
	GlobalSection(ProjectConfigurationPlatforms) = postSolution
		{45FEABAA-87BB-4AA8-8DC2-177B30045762}.Debug|x64.ActiveCfg = Debug|x64
		{45FEABAA-87BB-4AA8-8DC2-177B30045762}.Debug|x64.Build.0 = Debug|x64
		{45FEABAA-87BB-4AA8-8DC2-177B30045762}.Debug|x86.ActiveCfg = Debug|Win32
		{45FEABAA-87BB-4AA8-8DC2-177B30045762}.Debug|x86.Build.0 = Debug|Win32
		{45FEABAA-87BB-4AA8-8DC2-177B30045762}.Release|x64.ActiveCfg = Release|x64
		{45FEABAA-87BB-4AA8-8DC2-177B30045762}.Release|x64.Build.0 = Release|x64
		{45FEABAA-87BB-4AA8-8DC2-177B30045762}.Release|x86.ActiveCfg = Release|Win32
		{45FEABAA-87BB-4AA8-8DC2-177B30045762}.Release|x86.Build.0 = Release|Win32
		{551A82EB-EE4A-41B7-BFC4-FA6E2F06F3B7}.Debug|x64.ActiveCfg = Debug|x64
		{551A82EB-EE4A-41B7-BFC4-FA6E2F06F3B7}.Debug|x64.Build.0 = Debug|x64
		{551A82EB-EE4A-41B7-BFC4-FA6E2F06F3B7}.Debug|x86.ActiveCfg = Debug|Win32
		{551A82EB-EE4A-41B7-BFC4-FA6E2F06F3B7}.Debug|x86.Build.0 = Debug|Win32
		{551A82EB-EE4A-41B7-BFC4-FA6E2F06F3B7}.Release|x64.ActiveCfg = Release|x64
		{551A82EB-EE4A-41B7-BFC4-FA6E2F06F3B7}.Release|x64.Build.0 = Release|x64
		{551A82EB-EE4A-41B7-BFC4-FA6E2F06F3B7}.Release|x86.ActiveCfg = Release|Win32
		{551A82EB-EE4A-41B7-BFC4-FA6E2F06F3B7}.Release|x86.Build.0 = Release|Win32
		{B49C6D50-C823-45F6-A756-1E7F0ADBDEC1}.Debug|x64.ActiveCfg = Debug|x64
		{B49C6D50-C823-45F6-A756-1E7F0ADBDEC1}.Debug|x64.Build.0 = Debug|x64
		{B49C6D50-C823-45F6-A756-1E7F0ADBDEC1}.Debug|x86.ActiveCfg = Debug|Win32
		{B49C6D50-C823-45F6-A756-1E7F0ADBDEC1}.Debug|x86.Build.0 = Debug|Win32
		{B49C6D50-C823-45F6-A756-1E7F0ADBDEC1}.Release|x64.ActiveCfg = Release|x64
		{B49C6D50-C823-45F6-A756-1E7F0ADBDEC1}.Release|x64.Build.0 = Release|x64
		{B49C6D50-C823-45F6-A756-1E7F0ADBDEC1}.Release|x86.ActiveCfg = Release|Win32
		{B49C6D50-C823-45F6-A756-1E7F0ADBDEC1}.Release|x86.Build.0 = Release|Win32
		{8285C7DA-BAE6-4EE8-92CB-911EF22793E3}.Debug|x64.ActiveCfg = Debug|x64
		{8285C7DA-BAE6-4EE8-92CB-911EF22793E3}.Debug|x64.Build.0 = Debug|x64
		{8285C7DA-BAE6-4EE8-92CB-911EF22793E3}.Debug|x86.ActiveCfg = Debug|Win32
		{8285C7DA-BAE6-4EE8-92CB-911EF22793E3}.Debug|x86.Build.0 = Debug|Win32
		{8285C7DA-BAE6-4EE8-92CB-911EF22793E3}.Release|x64.ActiveCfg = Release|x64
		{8285C7DA-BAE6-4EE8-92CB-911EF22793E3}.Release|x64.Build.0 = Release|x64
		{8285C7DA-BAE6-4EE8-92CB-911EF22793E3}.Release|x86.ActiveCfg = Release|Win32
		{8285C7DA-BAE6-4EE8-92CB-911EF22793E3}.Release|x86.Build.0 = Release|Win32
		{443B6C0F-4C26-4795-A50E-389611FEDCDC}.Debug|x64.ActiveCfg = Debug|x64
		{443B6C0F-4C26-4795-A50E-389611FEDCDC}.Debug|x64.Build.0 = Debug|x64
		{443B6C0F-4C26-4795-A50E-389611FEDCDC}.Debug|x86.ActiveCfg = Debug|Win32
		{443B6C0F-4C26-4795-A50E-389611FEDCDC}.Debug|x86.Build.0 = Debug|Win32
		{443B6C0F-4C26-4795-A50E-389611FEDCDC}.Release|x64.ActiveCfg = Release|x64
		{443B6C0F-4C26-4795-A50E-389611FEDCDC}.Release|x64.Build.0 = Release|x64
		{443B6C0F-4C26-4795-A50E-389611FEDCDC}.Release|x86.ActiveCfg = Release|Win32
		{443B6C0F-4C26-4795-A50E-389611FEDCDC}.Release|x86.Build.0 = Release|Win32
		{869DF679-4222-4244-9CE7-67A893406F1D}.Debug|x64.ActiveCfg = Debug|x64
		{869DF679-4222-4244-9CE7-67A893406F1D}.Debug|x64.Build.0 = Debug|x64
		{869DF679-4222-4244-9CE7-67A893406F1D}.Debug|x86.ActiveCfg = Debug|Win32
		{869DF679-4222-4244-9CE7-67A893406F1D}.Debug|x86.Build.0 = Debug|Win32
		{869DF679-4222-4244-9CE7-67A893406F1D}.Release|x64.ActiveCfg = Release|x64
		{869DF679-4222-4244-9CE7-67A893406F1D}.Release|x64.Build.0 = Release|x64
		{869DF679-4222-4244-9CE7-67A893406F1D}.Release|x86.ActiveCfg = Release|Win32
		{869DF679-4222-4244-9CE7-67A893406F1D}.Release|x86.Build.0 = Release|Win32
	EndGlobalSection
	GlobalSection(SolutionProperties) = preSolution
		HideSolutionNode = FALSE
	EndGlobalSection
	GlobalSection(ExtensibilityGlobals) = postSolution
		SolutionGuid = {918A486A-E9F7-414F-8433-025E64988038}
	EndGlobalSection
EndGlobal
