
Microsoft Visual Studio Solution File, Format Version 12.00
# Visual Studio Version 17
VisualStudioVersion = 17.4.33205.214
MinimumVisualStudioVersion = 10.0.40219.1
Project("{8BC9CEB8-8B4A-11D0-8D11-00A0C91BC942}") = "zad1", "zad1\zad1.vcxproj", "{D2F9F7DA-2522-4227-9ADD-20F739895EBB}"
EndProject
Project("{8BC9CEB8-8B4A-11D0-8D11-00A0C91BC942}") = "zad3", "zad3\zad3.vcxproj", "{DA573809-36B1-413A-9185-CF1894F2F955}"
EndProject
Project("{8BC9CEB8-8B4A-11D0-8D11-00A0C91BC942}") = "zad2", "zad2\zad2.vcxproj", "{3A5F219B-24FE-4102-9412-996C5C8A241C}"
EndProject
Project("{8BC9CEB8-8B4A-11D0-8D11-00A0C91BC942}") = "zad4", "zad4\zad4.vcxproj", "{0CC5C83C-F8CB-4B27-9436-E3F9F4AD17C8}"
EndProject
Project("{8BC9CEB8-8B4A-11D0-8D11-00A0C91BC942}") = "zad5", "zad5\zad5.vcxproj", "{56C6CD9F-7CC7-44E6-A4D2-E68773DCB089}"
EndProject
Global
	GlobalSection(SolutionConfigurationPlatforms) = preSolution
		Debug|x64 = Debug|x64
		Debug|x86 = Debug|x86
		Release|x64 = Release|x64
		Release|x86 = Release|x86
	EndGlobalSection
	GlobalSection(ProjectConfigurationPlatforms) = postSolution
		{D2F9F7DA-2522-4227-9ADD-20F739895EBB}.Debug|x64.ActiveCfg = Debug|x64
		{D2F9F7DA-2522-4227-9ADD-20F739895EBB}.Debug|x64.Build.0 = Debug|x64
		{D2F9F7DA-2522-4227-9ADD-20F739895EBB}.Debug|x86.ActiveCfg = Debug|Win32
		{D2F9F7DA-2522-4227-9ADD-20F739895EBB}.Debug|x86.Build.0 = Debug|Win32
		{D2F9F7DA-2522-4227-9ADD-20F739895EBB}.Release|x64.ActiveCfg = Release|x64
		{D2F9F7DA-2522-4227-9ADD-20F739895EBB}.Release|x64.Build.0 = Release|x64
		{D2F9F7DA-2522-4227-9ADD-20F739895EBB}.Release|x86.ActiveCfg = Release|Win32
		{D2F9F7DA-2522-4227-9ADD-20F739895EBB}.Release|x86.Build.0 = Release|Win32
		{DA573809-36B1-413A-9185-CF1894F2F955}.Debug|x64.ActiveCfg = Debug|x64
		{DA573809-36B1-413A-9185-CF1894F2F955}.Debug|x64.Build.0 = Debug|x64
		{DA573809-36B1-413A-9185-CF1894F2F955}.Debug|x86.ActiveCfg = Debug|Win32
		{DA573809-36B1-413A-9185-CF1894F2F955}.Debug|x86.Build.0 = Debug|Win32
		{DA573809-36B1-413A-9185-CF1894F2F955}.Release|x64.ActiveCfg = Release|x64
		{DA573809-36B1-413A-9185-CF1894F2F955}.Release|x64.Build.0 = Release|x64
		{DA573809-36B1-413A-9185-CF1894F2F955}.Release|x86.ActiveCfg = Release|Win32
		{DA573809-36B1-413A-9185-CF1894F2F955}.Release|x86.Build.0 = Release|Win32
		{3A5F219B-24FE-4102-9412-996C5C8A241C}.Debug|x64.ActiveCfg = Debug|x64
		{3A5F219B-24FE-4102-9412-996C5C8A241C}.Debug|x64.Build.0 = Debug|x64
		{3A5F219B-24FE-4102-9412-996C5C8A241C}.Debug|x86.ActiveCfg = Debug|Win32
		{3A5F219B-24FE-4102-9412-996C5C8A241C}.Debug|x86.Build.0 = Debug|Win32
		{3A5F219B-24FE-4102-9412-996C5C8A241C}.Release|x64.ActiveCfg = Release|x64
		{3A5F219B-24FE-4102-9412-996C5C8A241C}.Release|x64.Build.0 = Release|x64
		{3A5F219B-24FE-4102-9412-996C5C8A241C}.Release|x86.ActiveCfg = Release|Win32
		{3A5F219B-24FE-4102-9412-996C5C8A241C}.Release|x86.Build.0 = Release|Win32
		{0CC5C83C-F8CB-4B27-9436-E3F9F4AD17C8}.Debug|x64.ActiveCfg = Debug|x64
		{0CC5C83C-F8CB-4B27-9436-E3F9F4AD17C8}.Debug|x64.Build.0 = Debug|x64
		{0CC5C83C-F8CB-4B27-9436-E3F9F4AD17C8}.Debug|x86.ActiveCfg = Debug|Win32
		{0CC5C83C-F8CB-4B27-9436-E3F9F4AD17C8}.Debug|x86.Build.0 = Debug|Win32
		{0CC5C83C-F8CB-4B27-9436-E3F9F4AD17C8}.Release|x64.ActiveCfg = Release|x64
		{0CC5C83C-F8CB-4B27-9436-E3F9F4AD17C8}.Release|x64.Build.0 = Release|x64
		{0CC5C83C-F8CB-4B27-9436-E3F9F4AD17C8}.Release|x86.ActiveCfg = Release|Win32
		{0CC5C83C-F8CB-4B27-9436-E3F9F4AD17C8}.Release|x86.Build.0 = Release|Win32
		{56C6CD9F-7CC7-44E6-A4D2-E68773DCB089}.Debug|x64.ActiveCfg = Debug|x64
		{56C6CD9F-7CC7-44E6-A4D2-E68773DCB089}.Debug|x64.Build.0 = Debug|x64
		{56C6CD9F-7CC7-44E6-A4D2-E68773DCB089}.Debug|x86.ActiveCfg = Debug|Win32
		{56C6CD9F-7CC7-44E6-A4D2-E68773DCB089}.Debug|x86.Build.0 = Debug|Win32
		{56C6CD9F-7CC7-44E6-A4D2-E68773DCB089}.Release|x64.ActiveCfg = Release|x64
		{56C6CD9F-7CC7-44E6-A4D2-E68773DCB089}.Release|x64.Build.0 = Release|x64
		{56C6CD9F-7CC7-44E6-A4D2-E68773DCB089}.Release|x86.ActiveCfg = Release|Win32
		{56C6CD9F-7CC7-44E6-A4D2-E68773DCB089}.Release|x86.Build.0 = Release|Win32
	EndGlobalSection
	GlobalSection(SolutionProperties) = preSolution
		HideSolutionNode = FALSE
	EndGlobalSection
	GlobalSection(ExtensibilityGlobals) = postSolution
		SolutionGuid = {7B45AAA8-5868-49C7-86F2-66DD95DBC5D4}
	EndGlobalSection
EndGlobal
